{ devshell = { lastModified = 1768818222; lastModifiedDate = "20260119102342"; narHash = "sha256-460jc0+CZfyaO8+w8JNtlClB2n4ui1RbHfPTLkpwhU8="; outPath = "/nix/store/hh6i9rnxx1v6azzva6dc3ivglh9bxnzg-source"; rev = "255a2b1725a20d060f566e4755dbf571bbbb5f76"; revCount = 0; shortRev = "255a2b1"; submodules = false; }; nixpkgs = { lastModified = 1776255774; lastModifiedDate = "20260415122254"; narHash = "sha256-psVTpH6PK3q1htMJpmdz1hLF5pQgEshu7gQWgKO6t6Y="; outPath = "/nix/store/kn3m407mn5p4dyjb96z12daanqjaqmzc-source"; rev = "566acc07c54dc807f91625bb286cb9b321b5f42a"; revCount = 0; shortRev = "566acc0"; submodules = false; }; }
