{ nixpkgs = { lastModified = 1776255774; lastModifiedDate = "20260415122254"; narHash = "sha256-psVTpH6PK3q1htMJpmdz1hLF5pQgEshu7gQWgKO6t6Y="; outPath = "/nix/store/kn3m407mn5p4dyjb96z12daanqjaqmzc-source"; rev = "566acc07c54dc807f91625bb286cb9b321b5f42a"; revCount = 0; shortRev = "566acc0"; submodules = false; }; }
